
Microsoft Visual Studio Solution File, Format Version 12.00
Project("{FAE04EC0-301F-11D3-BF4B-00C04F79EFBC}") = "TwitterStreamV2App", "TwitterStreamV2App\TwitterStreamV2App.csproj", "{6B0078B3-B14D-439B-942B-0F90A02275AD}"
EndProject
Project("{2150E333-8FDC-42A3-9474-1A3956D46DE8}") = "src", "src", "{A7C5ABA6-BF7B-429A-A9E1-8061AA4E6546}"
EndProject
Project("{2150E333-8FDC-42A3-9474-1A3956D46DE8}") = "tests", "tests", "{6B6F0739-5BB9-4E82-988E-1067CF619DEF}"
EndProject
Project("{FAE04EC0-301F-11D3-BF4B-00C04F79EFBC}") = "TwitterStreamV2App.Unit.Tests", "TwitterStreamV2App.Unit.Tests\TwitterStreamV2App.Unit.Tests.csproj", "{9180B21F-6206-473F-9773-5FB9A331DA01}"
EndProject
Project("{FAE04EC0-301F-11D3-BF4B-00C04F79EFBC}") = "TwitterMassagesConsumerApp", "TwitterMassagesConsumerApp\TwitterMassagesConsumerApp.csproj", "{2279678A-4848-401D-BB29-631036F7D727}"
EndProject
Global
	GlobalSection(SolutionConfigurationPlatforms) = preSolution
		Debug|Any CPU = Debug|Any CPU
		Release|Any CPU = Release|Any CPU
	EndGlobalSection
	GlobalSection(ProjectConfigurationPlatforms) = postSolution
		{6B0078B3-B14D-439B-942B-0F90A02275AD}.Debug|Any CPU.ActiveCfg = Debug|Any CPU
		{6B0078B3-B14D-439B-942B-0F90A02275AD}.Debug|Any CPU.Build.0 = Debug|Any CPU
		{6B0078B3-B14D-439B-942B-0F90A02275AD}.Release|Any CPU.ActiveCfg = Release|Any CPU
		{6B0078B3-B14D-439B-942B-0F90A02275AD}.Release|Any CPU.Build.0 = Release|Any CPU
		{9180B21F-6206-473F-9773-5FB9A331DA01}.Debug|Any CPU.ActiveCfg = Debug|Any CPU
		{9180B21F-6206-473F-9773-5FB9A331DA01}.Debug|Any CPU.Build.0 = Debug|Any CPU
		{9180B21F-6206-473F-9773-5FB9A331DA01}.Release|Any CPU.ActiveCfg = Release|Any CPU
		{9180B21F-6206-473F-9773-5FB9A331DA01}.Release|Any CPU.Build.0 = Release|Any CPU
		{2279678A-4848-401D-BB29-631036F7D727}.Debug|Any CPU.ActiveCfg = Debug|Any CPU
		{2279678A-4848-401D-BB29-631036F7D727}.Debug|Any CPU.Build.0 = Debug|Any CPU
		{2279678A-4848-401D-BB29-631036F7D727}.Release|Any CPU.ActiveCfg = Release|Any CPU
		{2279678A-4848-401D-BB29-631036F7D727}.Release|Any CPU.Build.0 = Release|Any CPU
	EndGlobalSection
	GlobalSection(NestedProjects) = preSolution
		{6B0078B3-B14D-439B-942B-0F90A02275AD} = {A7C5ABA6-BF7B-429A-A9E1-8061AA4E6546}
		{9180B21F-6206-473F-9773-5FB9A331DA01} = {6B6F0739-5BB9-4E82-988E-1067CF619DEF}
		{2279678A-4848-401D-BB29-631036F7D727} = {A7C5ABA6-BF7B-429A-A9E1-8061AA4E6546}
	EndGlobalSection
EndGlobal
